
Microsoft Visual Studio Solution File, Format Version 12.00
# Visual Studio Version 17
VisualStudioVersion = 17.8.34525.116
MinimumVisualStudioVersion = 10.0.40219.1
Project("{FAE04EC0-301F-11D3-BF4B-00C04F79EFBC}") = "Question1", "Question1.csproj", "{F59296DE-BD9C-4C66-A8F8-CE67B1B81052}"
EndProject
Global
	GlobalSection(SolutionConfigurationPlatforms) = preSolution
		Debug|Any CPU = Debug|Any CPU
		Release|Any CPU = Release|Any CPU
	EndGlobalSection
	GlobalSection(ProjectConfigurationPlatforms) = postSolution
		{F59296DE-BD9C-4C66-A8F8-CE67B1B81052}.Debug|Any CPU.ActiveCfg = Debug|Any CPU
		{F59296DE-BD9C-4C66-A8F8-CE67B1B81052}.Debug|Any CPU.Build.0 = Debug|Any CPU
		{F59296DE-BD9C-4C66-A8F8-CE67B1B81052}.Release|Any CPU.ActiveCfg = Release|Any CPU
		{F59296DE-BD9C-4C66-A8F8-CE67B1B81052}.Release|Any CPU.Build.0 = Release|Any CPU
	EndGlobalSection
	GlobalSection(SolutionProperties) = preSolution
		HideSolutionNode = FALSE
	EndGlobalSection
	GlobalSection(ExtensibilityGlobals) = postSolution
		SolutionGuid = {677FBAA0-933E-4F7E-AA00-7745E8021E1D}
	EndGlobalSection
EndGlobal
