
Microsoft Visual Studio Solution File, Format Version 12.00
# Visual Studio Version 17
VisualStudioVersion = 17.8.34525.116
MinimumVisualStudioVersion = 10.0.40219.1
Project("{FAE04EC0-301F-11D3-BF4B-00C04F79EFBC}") = "IMDB", "IMDB\IMDB\IMDB.csproj", "{4B31B0BE-12FA-4AE9-ABD6-866E2451F4E1}"
EndProject
Project("{FAE04EC0-301F-11D3-BF4B-00C04F79EFBC}") = "IMDB.Domain", "IMDB\IMDB.Domain\IMDB.Domain.csproj", "{53046D3B-3889-495B-BD60-6B9413482667}"
EndProject
Project("{FAE04EC0-301F-11D3-BF4B-00C04F79EFBC}") = "IMDB.Repository", "IMDB\IMDB.Repository\IMDB.Repository.csproj", "{8098693A-E71F-40EB-8985-7295EBFD8FDE}"
EndProject
Project("{FAE04EC0-301F-11D3-BF4B-00C04F79EFBC}") = "IMDB.Tests", "IMDB.Tests\IMDB.Tests.csproj", "{728A4900-035B-4022-B8CD-3CFF694BC477}"
EndProject
Global
	GlobalSection(SolutionConfigurationPlatforms) = preSolution
		Debug|Any CPU = Debug|Any CPU
		Release|Any CPU = Release|Any CPU
	EndGlobalSection
	GlobalSection(ProjectConfigurationPlatforms) = postSolution
		{4B31B0BE-12FA-4AE9-ABD6-866E2451F4E1}.Debug|Any CPU.ActiveCfg = Debug|Any CPU
		{4B31B0BE-12FA-4AE9-ABD6-866E2451F4E1}.Debug|Any CPU.Build.0 = Debug|Any CPU
		{4B31B0BE-12FA-4AE9-ABD6-866E2451F4E1}.Release|Any CPU.ActiveCfg = Release|Any CPU
		{4B31B0BE-12FA-4AE9-ABD6-866E2451F4E1}.Release|Any CPU.Build.0 = Release|Any CPU
		{53046D3B-3889-495B-BD60-6B9413482667}.Debug|Any CPU.ActiveCfg = Debug|Any CPU
		{53046D3B-3889-495B-BD60-6B9413482667}.Debug|Any CPU.Build.0 = Debug|Any CPU
		{53046D3B-3889-495B-BD60-6B9413482667}.Release|Any CPU.ActiveCfg = Release|Any CPU
		{53046D3B-3889-495B-BD60-6B9413482667}.Release|Any CPU.Build.0 = Release|Any CPU
		{8098693A-E71F-40EB-8985-7295EBFD8FDE}.Debug|Any CPU.ActiveCfg = Debug|Any CPU
		{8098693A-E71F-40EB-8985-7295EBFD8FDE}.Debug|Any CPU.Build.0 = Debug|Any CPU
		{8098693A-E71F-40EB-8985-7295EBFD8FDE}.Release|Any CPU.ActiveCfg = Release|Any CPU
		{8098693A-E71F-40EB-8985-7295EBFD8FDE}.Release|Any CPU.Build.0 = Release|Any CPU
		{728A4900-035B-4022-B8CD-3CFF694BC477}.Debug|Any CPU.ActiveCfg = Debug|Any CPU
		{728A4900-035B-4022-B8CD-3CFF694BC477}.Debug|Any CPU.Build.0 = Debug|Any CPU
		{728A4900-035B-4022-B8CD-3CFF694BC477}.Release|Any CPU.ActiveCfg = Release|Any CPU
		{728A4900-035B-4022-B8CD-3CFF694BC477}.Release|Any CPU.Build.0 = Release|Any CPU
	EndGlobalSection
	GlobalSection(SolutionProperties) = preSolution
		HideSolutionNode = FALSE
	EndGlobalSection
	GlobalSection(ExtensibilityGlobals) = postSolution
		SolutionGuid = {6F4C693A-B051-4A0E-9392-AC481C4EAEDA}
	EndGlobalSection
EndGlobal
